// !$*UTF8*$!
{
	archiveVersion = 1;
	classes = {
	};
	objectVersion = 56;
	objects = {

/* Begin PBXBuildFile section */
		172F9ED92936AFE6006C78E9 /* EmergencyRow.swift in Sources */ = {isa = PBXBuildFile; fileRef = 172F9ED82936AFE6006C78E9 /* EmergencyRow.swift */; };
		172F9EDD2936BC07006C78E9 /* InstructionsRow.swift in Sources */ = {isa = PBXBuildFile; fileRef = 172F9EDC2936BC07006C78E9 /* InstructionsRow.swift */; };
		172F9EDF2936BE6F006C78E9 /* InstructionsView.swift in Sources */ = {isa = PBXBuildFile; fileRef = 172F9EDE2936BE6F006C78E9 /* InstructionsView.swift */; };
		17844478292D5503008E3DF4 /* StayingAlive Watch App.app in Embed Watch Content */ = {isa = PBXBuildFile; fileRef = 17844477292D5503008E3DF4 /* StayingAlive Watch App.app */; settings = {ATTRIBUTES = (RemoveHeadersOnCopy, ); }; };
		1784447D292D5503008E3DF4 /* StayingAliveApp.swift in Sources */ = {isa = PBXBuildFile; fileRef = 1784447C292D5503008E3DF4 /* StayingAliveApp.swift */; };
		1784447F292D5503008E3DF4 /* ContentView.swift in Sources */ = {isa = PBXBuildFile; fileRef = 1784447E292D5503008E3DF4 /* ContentView.swift */; };
		17844481292D5504008E3DF4 /* Assets.xcassets in Resources */ = {isa = PBXBuildFile; fileRef = 17844480292D5504008E3DF4 /* Assets.xcassets */; };
		17844484292D5504008E3DF4 /* Preview Assets.xcassets in Resources */ = {isa = PBXBuildFile; fileRef = 17844483292D5504008E3DF4 /* Preview Assets.xcassets */; };
		17F5813C29367B3300734A61 /* HomeView.swift in Sources */ = {isa = PBXBuildFile; fileRef = 17F5813B29367B3300734A61 /* HomeView.swift */; };
		C050C7522933A6FF00CE8BAB /* Perrengue.swift in Sources */ = {isa = PBXBuildFile; fileRef = C050C7512933A6FF00CE8BAB /* Perrengue.swift */; };
		C050C7542933A84300CE8BAB /* Model+Populate.swift in Sources */ = {isa = PBXBuildFile; fileRef = C050C7532933A84300CE8BAB /* Model+Populate.swift */; };
		C050C7562936798000CE8BAB /* Onboarding1View.swift in Sources */ = {isa = PBXBuildFile; fileRef = C050C7552936798000CE8BAB /* Onboarding1View.swift */; };
		C050C7582936876300CE8BAB /* PageView.swift in Sources */ = {isa = PBXBuildFile; fileRef = C050C7572936876300CE8BAB /* PageView.swift */; };
		C050C75A2936904700CE8BAB /* Onboarding2View.swift in Sources */ = {isa = PBXBuildFile; fileRef = C050C7592936904700CE8BAB /* Onboarding2View.swift */; };
		D3395F792936C9E500E7E20F /* TransitionToHomeView.swift in Sources */ = {isa = PBXBuildFile; fileRef = D3395F782936C9E500E7E20F /* TransitionToHomeView.swift */; };
		D3553B6D2936A20100793043 /* TransitionView.swift in Sources */ = {isa = PBXBuildFile; fileRef = D3553B6C2936A20100793043 /* TransitionView.swift */; };
		D3553B6F2936A61C00793043 /* EmergencyView.swift in Sources */ = {isa = PBXBuildFile; fileRef = D3553B6E2936A61C00793043 /* EmergencyView.swift */; };
		D3D3603329369DF400A74DD6 /* MonitandoView.swift in Sources */ = {isa = PBXBuildFile; fileRef = D3D3603229369DF400A74DD6 /* MonitandoView.swift */; };
		D3EAB71C293688EC007A9D29 /* Onboarding3View.swift in Sources */ = {isa = PBXBuildFile; fileRef = D3EAB71B293688EC007A9D29 /* Onboarding3View.swift */; };
/* End PBXBuildFile section */

/* Begin PBXContainerItemProxy section */
		17844479292D5503008E3DF4 /* PBXContainerItemProxy */ = {
			isa = PBXContainerItemProxy;
			containerPortal = 1784446B292D5503008E3DF4 /* Project object */;
			proxyType = 1;
			remoteGlobalIDString = 17844476292D5503008E3DF4;
			remoteInfo = "StayingAlive Watch App";
		};
/* End PBXContainerItemProxy section */

/* Begin PBXCopyFilesBuildPhase section */
		1784448A292D5504008E3DF4 /* Embed Watch Content */ = {
			isa = PBXCopyFilesBuildPhase;
			buildActionMask = 2147483647;
			dstPath = "$(CONTENTS_FOLDER_PATH)/Watch";
			dstSubfolderSpec = 16;
			files = (
				17844478292D5503008E3DF4 /* StayingAlive Watch App.app in Embed Watch Content */,
			);
			name = "Embed Watch Content";
			runOnlyForDeploymentPostprocessing = 0;
		};
/* End PBXCopyFilesBuildPhase section */

/* Begin PBXFileReference section */
		172F9ED82936AFE6006C78E9 /* EmergencyRow.swift */ = {isa = PBXFileReference; lastKnownFileType = sourcecode.swift; path = EmergencyRow.swift; sourceTree = "<group>"; };
		172F9EDC2936BC07006C78E9 /* InstructionsRow.swift */ = {isa = PBXFileReference; lastKnownFileType = sourcecode.swift; path = InstructionsRow.swift; sourceTree = "<group>"; };
		172F9EDE2936BE6F006C78E9 /* InstructionsView.swift */ = {isa = PBXFileReference; lastKnownFileType = sourcecode.swift; path = InstructionsView.swift; sourceTree = "<group>"; };
		17844471292D5503008E3DF4 /* StayingAlive.app */ = {isa = PBXFileReference; explicitFileType = wrapper.application; includeInIndex = 0; path = StayingAlive.app; sourceTree = BUILT_PRODUCTS_DIR; };
		17844477292D5503008E3DF4 /* StayingAlive Watch App.app */ = {isa = PBXFileReference; explicitFileType = wrapper.application; includeInIndex = 0; path = "StayingAlive Watch App.app"; sourceTree = BUILT_PRODUCTS_DIR; };
		1784447C292D5503008E3DF4 /* StayingAliveApp.swift */ = {isa = PBXFileReference; lastKnownFileType = sourcecode.swift; path = StayingAliveApp.swift; sourceTree = "<group>"; };
		1784447E292D5503008E3DF4 /* ContentView.swift */ = {isa = PBXFileReference; lastKnownFileType = sourcecode.swift; path = ContentView.swift; sourceTree = "<group>"; };
		17844480292D5504008E3DF4 /* Assets.xcassets */ = {isa = PBXFileReference; lastKnownFileType = folder.assetcatalog; path = Assets.xcassets; sourceTree = "<group>"; };
		17844483292D5504008E3DF4 /* Preview Assets.xcassets */ = {isa = PBXFileReference; lastKnownFileType = folder.assetcatalog; path = "Preview Assets.xcassets"; sourceTree = "<group>"; };
		17F5813B29367B3300734A61 /* HomeView.swift */ = {isa = PBXFileReference; lastKnownFileType = sourcecode.swift; path = HomeView.swift; sourceTree = "<group>"; };
		C050C7512933A6FF00CE8BAB /* Perrengue.swift */ = {isa = PBXFileReference; lastKnownFileType = sourcecode.swift; path = Perrengue.swift; sourceTree = "<group>"; };
		C050C7532933A84300CE8BAB /* Model+Populate.swift */ = {isa = PBXFileReference; lastKnownFileType = sourcecode.swift; path = "Model+Populate.swift"; sourceTree = "<group>"; };
		C050C7552936798000CE8BAB /* Onboarding1View.swift */ = {isa = PBXFileReference; lastKnownFileType = sourcecode.swift; path = Onboarding1View.swift; sourceTree = "<group>"; };
		C050C7572936876300CE8BAB /* PageView.swift */ = {isa = PBXFileReference; lastKnownFileType = sourcecode.swift; path = PageView.swift; sourceTree = "<group>"; };
		C050C7592936904700CE8BAB /* Onboarding2View.swift */ = {isa = PBXFileReference; lastKnownFileType = sourcecode.swift; path = Onboarding2View.swift; sourceTree = "<group>"; };
		D3395F782936C9E500E7E20F /* TransitionToHomeView.swift */ = {isa = PBXFileReference; lastKnownFileType = sourcecode.swift; path = TransitionToHomeView.swift; sourceTree = "<group>"; };
		D3553B6C2936A20100793043 /* TransitionView.swift */ = {isa = PBXFileReference; lastKnownFileType = sourcecode.swift; path = TransitionView.swift; sourceTree = "<group>"; };
		D3553B6E2936A61C00793043 /* EmergencyView.swift */ = {isa = PBXFileReference; lastKnownFileType = sourcecode.swift; path = EmergencyView.swift; sourceTree = "<group>"; };
		D3D3603229369DF400A74DD6 /* MonitandoView.swift */ = {isa = PBXFileReference; lastKnownFileType = sourcecode.swift; path = MonitandoView.swift; sourceTree = "<group>"; };
		D3EAB71B293688EC007A9D29 /* Onboarding3View.swift */ = {isa = PBXFileReference; lastKnownFileType = sourcecode.swift; path = Onboarding3View.swift; sourceTree = "<group>"; };
/* End PBXFileReference section */

/* Begin PBXFrameworksBuildPhase section */
		17844474292D5503008E3DF4 /* Frameworks */ = {
			isa = PBXFrameworksBuildPhase;
			buildActionMask = 2147483647;
			files = (
			);
			runOnlyForDeploymentPostprocessing = 0;
		};
/* End PBXFrameworksBuildPhase section */

/* Begin PBXGroup section */
		171D9FFE2936D86C0093AE6C /* Emergency */ = {
			isa = PBXGroup;
			children = (
				172F9ED82936AFE6006C78E9 /* EmergencyRow.swift */,
				D3553B6E2936A61C00793043 /* EmergencyView.swift */,
			);
			path = Emergency;
			sourceTree = "<group>";
		};
		171D9FFF2936DE280093AE6C /* View */ = {
			isa = PBXGroup;
			children = (
				C050C7572936876300CE8BAB /* PageView.swift */,
				C050C7552936798000CE8BAB /* Onboarding1View.swift */,
				C050C7592936904700CE8BAB /* Onboarding2View.swift */,
				D3EAB71B293688EC007A9D29 /* Onboarding3View.swift */,
				D3D3603229369DF400A74DD6 /* MonitandoView.swift */,
				D3395F782936C9E500E7E20F /* TransitionToHomeView.swift */,
				17F5813B29367B3300734A61 /* HomeView.swift */,
				D3553B6C2936A20100793043 /* TransitionView.swift */,
				171D9FFE2936D86C0093AE6C /* Emergency */,
				172F9EE02936BE75006C78E9 /* Instructions */,
			);
			path = View;
			sourceTree = "<group>";
		};
		172F9EE02936BE75006C78E9 /* Instructions */ = {
			isa = PBXGroup;
			children = (
				172F9EDC2936BC07006C78E9 /* InstructionsRow.swift */,
				172F9EDE2936BE6F006C78E9 /* InstructionsView.swift */,
			);
			path = Instructions;
			sourceTree = "<group>";
		};
		1784446A292D5503008E3DF4 = {
			isa = PBXGroup;
			children = (
				1784447B292D5503008E3DF4 /* StayingAlive Watch App */,
				17844472292D5503008E3DF4 /* Products */,
			);
			sourceTree = "<group>";
		};
		17844472292D5503008E3DF4 /* Products */ = {
			isa = PBXGroup;
			children = (
				17844471292D5503008E3DF4 /* StayingAlive.app */,
				17844477292D5503008E3DF4 /* StayingAlive Watch App.app */,
			);
			name = Products;
			sourceTree = "<group>";
		};
		1784447B292D5503008E3DF4 /* StayingAlive Watch App */ = {
			isa = PBXGroup;
			children = (
				1784447C292D5503008E3DF4 /* StayingAliveApp.swift */,
				1784447E292D5503008E3DF4 /* ContentView.swift */,
				171D9FFF2936DE280093AE6C /* View */,
				C050C7502933A5F800CE8BAB /* Models */,
				17844480292D5504008E3DF4 /* Assets.xcassets */,
				17844482292D5504008E3DF4 /* Preview Content */,
			);
			path = "StayingAlive Watch App";
			sourceTree = "<group>";
		};
		17844482292D5504008E3DF4 /* Preview Content */ = {
			isa = PBXGroup;
			children = (
				17844483292D5504008E3DF4 /* Preview Assets.xcassets */,
			);
			path = "Preview Content";
			sourceTree = "<group>";
		};
		C050C7502933A5F800CE8BAB /* Models */ = {
			isa = PBXGroup;
			children = (
				C050C7512933A6FF00CE8BAB /* Perrengue.swift */,
				C050C7532933A84300CE8BAB /* Model+Populate.swift */,
			);
			path = Models;
			sourceTree = "<group>";
		};
/* End PBXGroup section */

/* Begin PBXNativeTarget section */
		17844470292D5503008E3DF4 /* StayingAlive */ = {
			isa = PBXNativeTarget;
			buildConfigurationList = 1784448B292D5504008E3DF4 /* Build configuration list for PBXNativeTarget "StayingAlive" */;
			buildPhases = (
				1784446F292D5503008E3DF4 /* Resources */,
				1784448A292D5504008E3DF4 /* Embed Watch Content */,
			);
			buildRules = (
			);
			dependencies = (
				1784447A292D5503008E3DF4 /* PBXTargetDependency */,
			);
			name = StayingAlive;
			productName = StayingAlive;
			productReference = 17844471292D5503008E3DF4 /* StayingAlive.app */;
			productType = "com.apple.product-type.application.watchapp2-container";
		};
		17844476292D5503008E3DF4 /* StayingAlive Watch App */ = {
			isa = PBXNativeTarget;
			buildConfigurationList = 17844487292D5504008E3DF4 /* Build configuration list for PBXNativeTarget "StayingAlive Watch App" */;
			buildPhases = (
				17844473292D5503008E3DF4 /* Sources */,
				17844474292D5503008E3DF4 /* Frameworks */,
				17844475292D5503008E3DF4 /* Resources */,
			);
			buildRules = (
			);
			dependencies = (
			);
			name = "StayingAlive Watch App";
			productName = "StayingAlive Watch App";
			productReference = 17844477292D5503008E3DF4 /* StayingAlive Watch App.app */;
			productType = "com.apple.product-type.application";
		};
/* End PBXNativeTarget section */

/* Begin PBXProject section */
		1784446B292D5503008E3DF4 /* Project object */ = {
			isa = PBXProject;
			attributes = {
				BuildIndependentTargetsInParallel = 1;
				LastSwiftUpdateCheck = 1410;
				LastUpgradeCheck = 1410;
				TargetAttributes = {
					17844470292D5503008E3DF4 = {
						CreatedOnToolsVersion = 14.1;
					};
					17844476292D5503008E3DF4 = {
						CreatedOnToolsVersion = 14.1;
					};
				};
			};
			buildConfigurationList = 1784446E292D5503008E3DF4 /* Build configuration list for PBXProject "StayingAlive" */;
			compatibilityVersion = "Xcode 14.0";
			developmentRegion = en;
			hasScannedForEncodings = 0;
			knownRegions = (
				en,
				Base,
			);
			mainGroup = 1784446A292D5503008E3DF4;
			productRefGroup = 17844472292D5503008E3DF4 /* Products */;
			projectDirPath = "";
			projectRoot = "";
			targets = (
				17844470292D5503008E3DF4 /* StayingAlive */,
				17844476292D5503008E3DF4 /* StayingAlive Watch App */,
			);
		};
/* End PBXProject section */

/* Begin PBXResourcesBuildPhase section */
		1784446F292D5503008E3DF4 /* Resources */ = {
			isa = PBXResourcesBuildPhase;
			buildActionMask = 2147483647;
			files = (
			);
			runOnlyForDeploymentPostprocessing = 0;
		};
		17844475292D5503008E3DF4 /* Resources */ = {
			isa = PBXResourcesBuildPhase;
			buildActionMask = 2147483647;
			files = (
				17844484292D5504008E3DF4 /* Preview Assets.xcassets in Resources */,
				17844481292D5504008E3DF4 /* Assets.xcassets in Resources */,
			);
			runOnlyForDeploymentPostprocessing = 0;
		};
/* End PBXResourcesBuildPhase section */

/* Begin PBXSourcesBuildPhase section */
		17844473292D5503008E3DF4 /* Sources */ = {
			isa = PBXSourcesBuildPhase;
			buildActionMask = 2147483647;
			files = (
				17F5813C29367B3300734A61 /* HomeView.swift in Sources */,
				172F9EDF2936BE6F006C78E9 /* InstructionsView.swift in Sources */,
				D3395F792936C9E500E7E20F /* TransitionToHomeView.swift in Sources */,
				D3D3603329369DF400A74DD6 /* MonitandoView.swift in Sources */,
				172F9EDD2936BC07006C78E9 /* InstructionsRow.swift in Sources */,
				172F9ED92936AFE6006C78E9 /* EmergencyRow.swift in Sources */,
				C050C7522933A6FF00CE8BAB /* Perrengue.swift in Sources */,
				C050C7582936876300CE8BAB /* PageView.swift in Sources */,
				C050C7542933A84300CE8BAB /* Model+Populate.swift in Sources */,
				D3EAB71C293688EC007A9D29 /* Onboarding3View.swift in Sources */,
				D3553B6F2936A61C00793043 /* EmergencyView.swift in Sources */,
				D3553B6D2936A20100793043 /* TransitionView.swift in Sources */,
				1784447F292D5503008E3DF4 /* ContentView.swift in Sources */,
				1784447D292D5503008E3DF4 /* StayingAliveApp.swift in Sources */,
				C050C7562936798000CE8BAB /* Onboarding1View.swift in Sources */,
				C050C75A2936904700CE8BAB /* Onboarding2View.swift in Sources */,
			);
			runOnlyForDeploymentPostprocessing = 0;
		};
/* End PBXSourcesBuildPhase section */

/* Begin PBXTargetDependency section */
		1784447A292D5503008E3DF4 /* PBXTargetDependency */ = {
			isa = PBXTargetDependency;
			target = 17844476292D5503008E3DF4 /* StayingAlive Watch App */;
			targetProxy = 17844479292D5503008E3DF4 /* PBXContainerItemProxy */;
		};
/* End PBXTargetDependency section */

/* Begin XCBuildConfiguration section */
		17844485292D5504008E3DF4 /* Debug */ = {
			isa = XCBuildConfiguration;
			buildSettings = {
				ALWAYS_SEARCH_USER_PATHS = NO;
				CLANG_ANALYZER_NONNULL = YES;
				CLANG_ANALYZER_NUMBER_OBJECT_CONVERSION = YES_AGGRESSIVE;
				CLANG_CXX_LANGUAGE_STANDARD = "gnu++20";
				CLANG_ENABLE_MODULES = YES;
				CLANG_ENABLE_OBJC_ARC = YES;
				CLANG_ENABLE_OBJC_WEAK = YES;
				CLANG_WARN_BLOCK_CAPTURE_AUTORELEASING = YES;
				CLANG_WARN_BOOL_CONVERSION = YES;
				CLANG_WARN_COMMA = YES;
				CLANG_WARN_CONSTANT_CONVERSION = YES;
				CLANG_WARN_DEPRECATED_OBJC_IMPLEMENTATIONS = YES;
				CLANG_WARN_DIRECT_OBJC_ISA_USAGE = YES_ERROR;
				CLANG_WARN_DOCUMENTATION_COMMENTS = YES;
				CLANG_WARN_EMPTY_BODY = YES;
				CLANG_WARN_ENUM_CONVERSION = YES;
				CLANG_WARN_INFINITE_RECURSION = YES;
				CLANG_WARN_INT_CONVERSION = YES;
				CLANG_WARN_NON_LITERAL_NULL_CONVERSION = YES;
				CLANG_WARN_OBJC_IMPLICIT_RETAIN_SELF = YES;
				CLANG_WARN_OBJC_LITERAL_CONVERSION = YES;
				CLANG_WARN_OBJC_ROOT_CLASS = YES_ERROR;
				CLANG_WARN_QUOTED_INCLUDE_IN_FRAMEWORK_HEADER = YES;
				CLANG_WARN_RANGE_LOOP_ANALYSIS = YES;
				CLANG_WARN_STRICT_PROTOTYPES = YES;
				CLANG_WARN_SUSPICIOUS_MOVE = YES;
				CLANG_WARN_UNGUARDED_AVAILABILITY = YES_AGGRESSIVE;
				CLANG_WARN_UNREACHABLE_CODE = YES;
				CLANG_WARN__DUPLICATE_METHOD_MATCH = YES;
				COPY_PHASE_STRIP = NO;
				DEBUG_INFORMATION_FORMAT = dwarf;
				ENABLE_STRICT_OBJC_MSGSEND = YES;
				ENABLE_TESTABILITY = YES;
				GCC_C_LANGUAGE_STANDARD = gnu11;
				GCC_DYNAMIC_NO_PIC = NO;
				GCC_NO_COMMON_BLOCKS = YES;
				GCC_OPTIMIZATION_LEVEL = 0;
				GCC_PREPROCESSOR_DEFINITIONS = (
					"DEBUG=1",
					"$(inherited)",
				);
				GCC_WARN_64_TO_32_BIT_CONVERSION = YES;
				GCC_WARN_ABOUT_RETURN_TYPE = YES_ERROR;
				GCC_WARN_UNDECLARED_SELECTOR = YES;
				GCC_WARN_UNINITIALIZED_AUTOS = YES_AGGRESSIVE;
				GCC_WARN_UNUSED_FUNCTION = YES;
				GCC_WARN_UNUSED_VARIABLE = YES;
				MTL_ENABLE_DEBUG_INFO = INCLUDE_SOURCE;
				MTL_FAST_MATH = YES;
				ONLY_ACTIVE_ARCH = YES;
				SWIFT_ACTIVE_COMPILATION_CONDITIONS = DEBUG;
				SWIFT_OPTIMIZATION_LEVEL = "-Onone";
			};
			name = Debug;
		};
		17844486292D5504008E3DF4 /* Release */ = {
			isa = XCBuildConfiguration;
			buildSettings = {
				ALWAYS_SEARCH_USER_PATHS = NO;
				CLANG_ANALYZER_NONNULL = YES;
				CLANG_ANALYZER_NUMBER_OBJECT_CONVERSION = YES_AGGRESSIVE;
				CLANG_CXX_LANGUAGE_STANDARD = "gnu++20";
				CLANG_ENABLE_MODULES = YES;
				CLANG_ENABLE_OBJC_ARC = YES;
				CLANG_ENABLE_OBJC_WEAK = YES;
				CLANG_WARN_BLOCK_CAPTURE_AUTORELEASING = YES;
				CLANG_WARN_BOOL_CONVERSION = YES;
				CLANG_WARN_COMMA = YES;
				CLANG_WARN_CONSTANT_CONVERSION = YES;
				CLANG_WARN_DEPRECATED_OBJC_IMPLEMENTATIONS = YES;
				CLANG_WARN_DIRECT_OBJC_ISA_USAGE = YES_ERROR;
				CLANG_WARN_DOCUMENTATION_COMMENTS = YES;
				CLANG_WARN_EMPTY_BODY = YES;
				CLANG_WARN_ENUM_CONVERSION = YES;
				CLANG_WARN_INFINITE_RECURSION = YES;
				CLANG_WARN_INT_CONVERSION = YES;
				CLANG_WARN_NON_LITERAL_NULL_CONVERSION = YES;
				CLANG_WARN_OBJC_IMPLICIT_RETAIN_SELF = YES;
				CLANG_WARN_OBJC_LITERAL_CONVERSION = YES;
				CLANG_WARN_OBJC_ROOT_CLASS = YES_ERROR;
				CLANG_WARN_QUOTED_INCLUDE_IN_FRAMEWORK_HEADER = YES;
				CLANG_WARN_RANGE_LOOP_ANALYSIS = YES;
				CLANG_WARN_STRICT_PROTOTYPES = YES;
				CLANG_WARN_SUSPICIOUS_MOVE = YES;
				CLANG_WARN_UNGUARDED_AVAILABILITY = YES_AGGRESSIVE;
				CLANG_WARN_UNREACHABLE_CODE = YES;
				CLANG_WARN__DUPLICATE_METHOD_MATCH = YES;
				COPY_PHASE_STRIP = NO;
				DEBUG_INFORMATION_FORMAT = "dwarf-with-dsym";
				ENABLE_NS_ASSERTIONS = NO;
				ENABLE_STRICT_OBJC_MSGSEND = YES;
				GCC_C_LANGUAGE_STANDARD = gnu11;
				GCC_NO_COMMON_BLOCKS = YES;
				GCC_WARN_64_TO_32_BIT_CONVERSION = YES;
				GCC_WARN_ABOUT_RETURN_TYPE = YES_ERROR;
				GCC_WARN_UNDECLARED_SELECTOR = YES;
				GCC_WARN_UNINITIALIZED_AUTOS = YES_AGGRESSIVE;
				GCC_WARN_UNUSED_FUNCTION = YES;
				GCC_WARN_UNUSED_VARIABLE = YES;
				MTL_ENABLE_DEBUG_INFO = NO;
				MTL_FAST_MATH = YES;
				SWIFT_COMPILATION_MODE = wholemodule;
				SWIFT_OPTIMIZATION_LEVEL = "-O";
			};
			name = Release;
		};
		17844488292D5504008E3DF4 /* Debug */ = {
			isa = XCBuildConfiguration;
			buildSettings = {
				ASSETCATALOG_COMPILER_APPICON_NAME = AppIcon;
				ASSETCATALOG_COMPILER_GLOBAL_ACCENT_COLOR_NAME = AccentColor;
				CODE_SIGN_STYLE = Automatic;
				CURRENT_PROJECT_VERSION = 1;
				DEVELOPMENT_ASSET_PATHS = "\"StayingAlive Watch App/Preview Content\"";
				DEVELOPMENT_TEAM = 749Q737TF5;
				ENABLE_PREVIEWS = YES;
				GENERATE_INFOPLIST_FILE = YES;
				INFOPLIST_KEY_CFBundleDisplayName = StayingAlive;
				INFOPLIST_KEY_UISupportedInterfaceOrientations = "UIInterfaceOrientationPortrait UIInterfaceOrientationPortraitUpsideDown";
				INFOPLIST_KEY_WKWatchOnly = YES;
				LD_RUNPATH_SEARCH_PATHS = (
					"$(inherited)",
					"@executable_path/Frameworks",
				);
				MARKETING_VERSION = 1.0;
				PRODUCT_BUNDLE_IDENTIFIER = br.ufpe.cin.academy.StayingAlive.watchkitapp;
				PRODUCT_NAME = "$(TARGET_NAME)";
				SDKROOT = watchos;
				SKIP_INSTALL = YES;
				SWIFT_EMIT_LOC_STRINGS = YES;
				SWIFT_VERSION = 5.0;
				TARGETED_DEVICE_FAMILY = 4;
				WATCHOS_DEPLOYMENT_TARGET = 9.1;
			};
			name = Debug;
		};
		17844489292D5504008E3DF4 /* Release */ = {
			isa = XCBuildConfiguration;
			buildSettings = {
				ASSETCATALOG_COMPILER_APPICON_NAME = AppIcon;
				ASSETCATALOG_COMPILER_GLOBAL_ACCENT_COLOR_NAME = AccentColor;
				CODE_SIGN_STYLE = Automatic;
				CURRENT_PROJECT_VERSION = 1;
				DEVELOPMENT_ASSET_PATHS = "\"StayingAlive Watch App/Preview Content\"";
				DEVELOPMENT_TEAM = 749Q737TF5;
				ENABLE_PREVIEWS = YES;
				GENERATE_INFOPLIST_FILE = YES;
				INFOPLIST_KEY_CFBundleDisplayName = StayingAlive;
				INFOPLIST_KEY_UISupportedInterfaceOrientations = "UIInterfaceOrientationPortrait UIInterfaceOrientationPortraitUpsideDown";
				INFOPLIST_KEY_WKWatchOnly = YES;
				LD_RUNPATH_SEARCH_PATHS = (
					"$(inherited)",
					"@executable_path/Frameworks",
				);
				MARKETING_VERSION = 1.0;
				PRODUCT_BUNDLE_IDENTIFIER = br.ufpe.cin.academy.StayingAlive.watchkitapp;
				PRODUCT_NAME = "$(TARGET_NAME)";
				SDKROOT = watchos;
				SKIP_INSTALL = YES;
				SWIFT_EMIT_LOC_STRINGS = YES;
				SWIFT_VERSION = 5.0;
				TARGETED_DEVICE_FAMILY = 4;
				VALIDATE_PRODUCT = YES;
				WATCHOS_DEPLOYMENT_TARGET = 9.1;
			};
			name = Release;
		};
		1784448C292D5504008E3DF4 /* Debug */ = {
			isa = XCBuildConfiguration;
			buildSettings = {
				ALWAYS_EMBED_SWIFT_STANDARD_LIBRARIES = YES;
				CODE_SIGN_STYLE = Automatic;
				CURRENT_PROJECT_VERSION = 1;
				DEVELOPMENT_TEAM = 749Q737TF5;
				INFOPLIST_KEY_CFBundleDisplayName = StayingAlive;
				MARKETING_VERSION = 1.0;
				PRODUCT_BUNDLE_IDENTIFIER = br.ufpe.cin.academy.StayingAlive;
				PRODUCT_NAME = "$(TARGET_NAME)";
				SDKROOT = iphoneos;
				SWIFT_VERSION = 5.0;
			};
			name = Debug;
		};
		1784448D292D5504008E3DF4 /* Release */ = {
			isa = XCBuildConfiguration;
			buildSettings = {
				ALWAYS_EMBED_SWIFT_STANDARD_LIBRARIES = YES;
				CODE_SIGN_STYLE = Automatic;
				CURRENT_PROJECT_VERSION = 1;
				DEVELOPMENT_TEAM = 749Q737TF5;
				INFOPLIST_KEY_CFBundleDisplayName = StayingAlive;
				MARKETING_VERSION = 1.0;
				PRODUCT_BUNDLE_IDENTIFIER = br.ufpe.cin.academy.StayingAlive;
				PRODUCT_NAME = "$(TARGET_NAME)";
				SDKROOT = iphoneos;
				SWIFT_VERSION = 5.0;
				VALIDATE_PRODUCT = YES;
			};
			name = Release;
		};
/* End XCBuildConfiguration section */

/* Begin XCConfigurationList section */
		1784446E292D5503008E3DF4 /* Build configuration list for PBXProject "StayingAlive" */ = {
			isa = XCConfigurationList;
			buildConfigurations = (
				17844485292D5504008E3DF4 /* Debug */,
				17844486292D5504008E3DF4 /* Release */,
			);
			defaultConfigurationIsVisible = 0;
			defaultConfigurationName = Release;
		};
		17844487292D5504008E3DF4 /* Build configuration list for PBXNativeTarget "StayingAlive Watch App" */ = {
			isa = XCConfigurationList;
			buildConfigurations = (
				17844488292D5504008E3DF4 /* Debug */,
				17844489292D5504008E3DF4 /* Release */,
			);
			defaultConfigurationIsVisible = 0;
			defaultConfigurationName = Release;
		};
		1784448B292D5504008E3DF4 /* Build configuration list for PBXNativeTarget "StayingAlive" */ = {
			isa = XCConfigurationList;
			buildConfigurations = (
				1784448C292D5504008E3DF4 /* Debug */,
				1784448D292D5504008E3DF4 /* Release */,
			);
			defaultConfigurationIsVisible = 0;
			defaultConfigurationName = Release;
		};
/* End XCConfigurationList section */
	};
	rootObject = 1784446B292D5503008E3DF4 /* Project object */;
}
